
Microsoft Visual Studio Solution File, Format Version 12.00
# Visual Studio Version 17
VisualStudioVersion = 17.10.35122.118
MinimumVisualStudioVersion = 10.0.40219.1
Project("{FAE04EC0-301F-11D3-BF4B-00C04F79EFBC}") = "WeatherStationRace", "WeatherStationRace\WeatherStationRace.csproj", "{A961D024-9E0E-4A9A-BE76-15391D291C81}"
EndProject
Project("{FAE04EC0-301F-11D3-BF4B-00C04F79EFBC}") = "WeatherStationRace.Client", "WeatherStationRace.Client\WeatherStationRace.Client.csproj", "{9947D002-3822-465F-B1C9-79D5B8C78DF7}"
EndProject
Project("{FAE04EC0-301F-11D3-BF4B-00C04F79EFBC}") = "Shared", "Shared\Shared.csproj", "{CA9BA912-9DC0-4DEF-BD43-4A270B5E3413}"
EndProject
Global
	GlobalSection(SolutionConfigurationPlatforms) = preSolution
		Debug|Any CPU = Debug|Any CPU
		Release|Any CPU = Release|Any CPU
	EndGlobalSection
	GlobalSection(ProjectConfigurationPlatforms) = postSolution
		{A961D024-9E0E-4A9A-BE76-15391D291C81}.Debug|Any CPU.ActiveCfg = Debug|Any CPU
		{A961D024-9E0E-4A9A-BE76-15391D291C81}.Debug|Any CPU.Build.0 = Debug|Any CPU
		{A961D024-9E0E-4A9A-BE76-15391D291C81}.Release|Any CPU.ActiveCfg = Release|Any CPU
		{A961D024-9E0E-4A9A-BE76-15391D291C81}.Release|Any CPU.Build.0 = Release|Any CPU
		{9947D002-3822-465F-B1C9-79D5B8C78DF7}.Debug|Any CPU.ActiveCfg = Debug|Any CPU
		{9947D002-3822-465F-B1C9-79D5B8C78DF7}.Debug|Any CPU.Build.0 = Debug|Any CPU
		{9947D002-3822-465F-B1C9-79D5B8C78DF7}.Release|Any CPU.ActiveCfg = Release|Any CPU
		{9947D002-3822-465F-B1C9-79D5B8C78DF7}.Release|Any CPU.Build.0 = Release|Any CPU
		{CA9BA912-9DC0-4DEF-BD43-4A270B5E3413}.Debug|Any CPU.ActiveCfg = Debug|Any CPU
		{CA9BA912-9DC0-4DEF-BD43-4A270B5E3413}.Debug|Any CPU.Build.0 = Debug|Any CPU
		{CA9BA912-9DC0-4DEF-BD43-4A270B5E3413}.Release|Any CPU.ActiveCfg = Release|Any CPU
		{CA9BA912-9DC0-4DEF-BD43-4A270B5E3413}.Release|Any CPU.Build.0 = Release|Any CPU
	EndGlobalSection
	GlobalSection(SolutionProperties) = preSolution
		HideSolutionNode = FALSE
	EndGlobalSection
	GlobalSection(ExtensibilityGlobals) = postSolution
		SolutionGuid = {B0866948-A482-4E34-893B-58C10BA026D2}
	EndGlobalSection
EndGlobal
